
Microsoft Visual Studio Solution File, Format Version 12.00
# Visual Studio 15
VisualStudioVersion = 15.0.27703.2026
MinimumVisualStudioVersion = 10.0.40219.1
Project("{FAE04EC0-301F-11D3-BF4B-00C04F79EFBC}") = "TwilioTextAndChat", "TwilioTextAndChat\TwilioTextAndChat.csproj", "{0D550DFB-80B6-4980-8839-E56A3E8AD1DE}"
EndProject
Project("{2150E333-8FDC-42A3-9474-1A3956D46DE8}") = "Solution Items", "Solution Items", "{5494DF53-B89E-4074-8097-3DA8894FDD6F}"
	ProjectSection(SolutionItems) = preProject
		global.json = global.json
	EndProjectSection
EndProject
Global
	GlobalSection(SolutionConfigurationPlatforms) = preSolution
		Debug|Any CPU = Debug|Any CPU
		Release|Any CPU = Release|Any CPU
	EndGlobalSection
	GlobalSection(ProjectConfigurationPlatforms) = postSolution
		{0D550DFB-80B6-4980-8839-E56A3E8AD1DE}.Debug|Any CPU.ActiveCfg = Debug|Any CPU
		{0D550DFB-80B6-4980-8839-E56A3E8AD1DE}.Debug|Any CPU.Build.0 = Debug|Any CPU
		{0D550DFB-80B6-4980-8839-E56A3E8AD1DE}.Release|Any CPU.ActiveCfg = Release|Any CPU
		{0D550DFB-80B6-4980-8839-E56A3E8AD1DE}.Release|Any CPU.Build.0 = Release|Any CPU
	EndGlobalSection
	GlobalSection(SolutionProperties) = preSolution
		HideSolutionNode = FALSE
	EndGlobalSection
	GlobalSection(ExtensibilityGlobals) = postSolution
		SolutionGuid = {C5D9B2F9-2857-4343-90F3-003D56BB8EF0}
	EndGlobalSection
EndGlobal
